
Microsoft Visual Studio Solution File, Format Version 12.00
# Visual Studio 15
VisualStudioVersion = 15.0.28307.329
MinimumVisualStudioVersion = 10.0.40219.1
Project("{FAE04EC0-301F-11D3-BF4B-00C04F79EFBC}") = "JiraApiWeb", "JiraApiWeb\JiraApiWeb.csproj", "{816C3B37-A14C-4801-9A14-F74893D8EAB3}"
EndProject
Project("{00D1A9C2-B5F0-4AF3-8072-F6C62B433612}") = "JiraDatabase", "JiraDatabase\JiraDatabase.sqlproj", "{BA84393B-FFAB-4CD7-9C50-41ECB80DBE68}"
EndProject
Global
	GlobalSection(SolutionConfigurationPlatforms) = preSolution
		Debug|Any CPU = Debug|Any CPU
		Release|Any CPU = Release|Any CPU
	EndGlobalSection
	GlobalSection(ProjectConfigurationPlatforms) = postSolution
		{816C3B37-A14C-4801-9A14-F74893D8EAB3}.Debug|Any CPU.ActiveCfg = Debug|Any CPU
		{816C3B37-A14C-4801-9A14-F74893D8EAB3}.Debug|Any CPU.Build.0 = Debug|Any CPU
		{816C3B37-A14C-4801-9A14-F74893D8EAB3}.Release|Any CPU.ActiveCfg = Release|Any CPU
		{816C3B37-A14C-4801-9A14-F74893D8EAB3}.Release|Any CPU.Build.0 = Release|Any CPU
		{BA84393B-FFAB-4CD7-9C50-41ECB80DBE68}.Debug|Any CPU.ActiveCfg = Debug|Any CPU
		{BA84393B-FFAB-4CD7-9C50-41ECB80DBE68}.Debug|Any CPU.Build.0 = Debug|Any CPU
		{BA84393B-FFAB-4CD7-9C50-41ECB80DBE68}.Debug|Any CPU.Deploy.0 = Debug|Any CPU
		{BA84393B-FFAB-4CD7-9C50-41ECB80DBE68}.Release|Any CPU.ActiveCfg = Release|Any CPU
		{BA84393B-FFAB-4CD7-9C50-41ECB80DBE68}.Release|Any CPU.Build.0 = Release|Any CPU
		{BA84393B-FFAB-4CD7-9C50-41ECB80DBE68}.Release|Any CPU.Deploy.0 = Release|Any CPU
	EndGlobalSection
	GlobalSection(SolutionProperties) = preSolution
		HideSolutionNode = FALSE
	EndGlobalSection
	GlobalSection(ExtensibilityGlobals) = postSolution
		SolutionGuid = {6D565851-A69E-4C9B-A6E5-71C1F1F7352C}
	EndGlobalSection
EndGlobal
